
Microsoft Visual Studio Solution File, Format Version 12.00
# Visual Studio 14
VisualStudioVersion = 14.0.25123.0
MinimumVisualStudioVersion = 10.0.40219.1
Project("{FAE04EC0-301F-11D3-BF4B-00C04F79EFBC}") = "ScheduledTaskMonitor", "ScheduledTaskMonitor\ScheduledTaskMonitor.csproj", "{BE9F402C-3ECF-4768-8FEB-B46EA4626EAE}"
EndProject
Global
	GlobalSection(SolutionConfigurationPlatforms) = preSolution
		Debug|Any CPU = Debug|Any CPU
		Release|Any CPU = Release|Any CPU
	EndGlobalSection
	GlobalSection(ProjectConfigurationPlatforms) = postSolution
		{BE9F402C-3ECF-4768-8FEB-B46EA4626EAE}.Debug|Any CPU.ActiveCfg = Debug|Any CPU
		{BE9F402C-3ECF-4768-8FEB-B46EA4626EAE}.Debug|Any CPU.Build.0 = Debug|Any CPU
		{BE9F402C-3ECF-4768-8FEB-B46EA4626EAE}.Release|Any CPU.ActiveCfg = Release|Any CPU
		{BE9F402C-3ECF-4768-8FEB-B46EA4626EAE}.Release|Any CPU.Build.0 = Release|Any CPU
	EndGlobalSection
	GlobalSection(SolutionProperties) = preSolution
		HideSolutionNode = FALSE
	EndGlobalSection
EndGlobal
